// !$*UTF8*$!
{
	archiveVersion = 1;
	classes = {
	};
	objectVersion = 50;
	objects = {

/* Begin PBXBuildFile section */
		ECAAD888245030E300FE16E4 /* AppDelegate.swift in Sources */ = {isa = PBXBuildFile; fileRef = ECAAD887245030E300FE16E4 /* AppDelegate.swift */; };
		ECAAD88A245030E300FE16E4 /* SceneDelegate.swift in Sources */ = {isa = PBXBuildFile; fileRef = ECAAD889245030E300FE16E4 /* SceneDelegate.swift */; };
		ECAAD88C245030E300FE16E4 /* ViewController.swift in Sources */ = {isa = PBXBuildFile; fileRef = ECAAD88B245030E300FE16E4 /* ViewController.swift */; };
		ECAAD88F245030E300FE16E4 /* Main.storyboard in Resources */ = {isa = PBXBuildFile; fileRef = ECAAD88D245030E300FE16E4 /* Main.storyboard */; };
		ECAAD891245030E600FE16E4 /* Assets.xcassets in Resources */ = {isa = PBXBuildFile; fileRef = ECAAD890245030E600FE16E4 /* Assets.xcassets */; };
		ECAAD894245030E600FE16E4 /* LaunchScreen.storyboard in Resources */ = {isa = PBXBuildFile; fileRef = ECAAD892245030E600FE16E4 /* LaunchScreen.storyboard */; };
		ECAAD89F245030E600FE16E4 /* TestProjectTests.swift in Sources */ = {isa = PBXBuildFile; fileRef = ECAAD89E245030E600FE16E4 /* TestProjectTests.swift */; };
		ECAAD8AA245030E600FE16E4 /* TestProjectUITests.swift in Sources */ = {isa = PBXBuildFile; fileRef = ECAAD8A9245030E600FE16E4 /* TestProjectUITests.swift */; };
/* End PBXBuildFile section */

/* Begin PBXContainerItemProxy section */
		ECAAD89B245030E600FE16E4 /* PBXContainerItemProxy */ = {
			isa = PBXContainerItemProxy;
			containerPortal = ECAAD87C245030E300FE16E4 /* Project object */;
			proxyType = 1;
			remoteGlobalIDString = ECAAD883245030E300FE16E4;
			remoteInfo = TestProject;
		};
		ECAAD8A6245030E600FE16E4 /* PBXContainerItemProxy */ = {
			isa = PBXContainerItemProxy;
			containerPortal = ECAAD87C245030E300FE16E4 /* Project object */;
			proxyType = 1;
			remoteGlobalIDString = ECAAD883245030E300FE16E4;
			remoteInfo = TestProject;
		};
/* End PBXContainerItemProxy section */

/* Begin PBXFileReference section */
		ECAAD884245030E300FE16E4 /* TestProject.app */ = {isa = PBXFileReference; explicitFileType = wrapper.application; includeInIndex = 0; path = TestProject.app; sourceTree = BUILT_PRODUCTS_DIR; };
		ECAAD887245030E300FE16E4 /* AppDelegate.swift */ = {isa = PBXFileReference; lastKnownFileType = sourcecode.swift; path = AppDelegate.swift; sourceTree = "<group>"; };
		ECAAD889245030E300FE16E4 /* SceneDelegate.swift */ = {isa = PBXFileReference; lastKnownFileType = sourcecode.swift; path = SceneDelegate.swift; sourceTree = "<group>"; };
		ECAAD88B245030E300FE16E4 /* ViewController.swift */ = {isa = PBXFileReference; lastKnownFileType = sourcecode.swift; path = ViewController.swift; sourceTree = "<group>"; };
		ECAAD88E245030E300FE16E4 /* Base */ = {isa = PBXFileReference; lastKnownFileType = file.storyboard; name = Base; path = Base.lproj/Main.storyboard; sourceTree = "<group>"; };
		ECAAD890245030E600FE16E4 /* Assets.xcassets */ = {isa = PBXFileReference; lastKnownFileType = folder.assetcatalog; path = Assets.xcassets; sourceTree = "<group>"; };
		ECAAD893245030E600FE16E4 /* Base */ = {isa = PBXFileReference; lastKnownFileType = file.storyboard; name = Base; path = Base.lproj/LaunchScreen.storyboard; sourceTree = "<group>"; };
		ECAAD895245030E600FE16E4 /* Info.plist */ = {isa = PBXFileReference; lastKnownFileType = text.plist.xml; path = Info.plist; sourceTree = "<group>"; };
		ECAAD89A245030E600FE16E4 /* TestProjectTests.xctest */ = {isa = PBXFileReference; explicitFileType = wrapper.cfbundle; includeInIndex = 0; path = TestProjectTests.xctest; sourceTree = BUILT_PRODUCTS_DIR; };
		ECAAD89E245030E600FE16E4 /* TestProjectTests.swift */ = {isa = PBXFileReference; lastKnownFileType = sourcecode.swift; path = TestProjectTests.swift; sourceTree = "<group>"; };
		ECAAD8A0245030E600FE16E4 /* Info.plist */ = {isa = PBXFileReference; lastKnownFileType = text.plist.xml; path = Info.plist; sourceTree = "<group>"; };
		ECAAD8A5245030E600FE16E4 /* TestProjectUITests.xctest */ = {isa = PBXFileReference; explicitFileType = wrapper.cfbundle; includeInIndex = 0; path = TestProjectUITests.xctest; sourceTree = BUILT_PRODUCTS_DIR; };
		ECAAD8A9245030E600FE16E4 /* TestProjectUITests.swift */ = {isa = PBXFileReference; lastKnownFileType = sourcecode.swift; path = TestProjectUITests.swift; sourceTree = "<group>"; };
		ECAAD8AB245030E600FE16E4 /* Info.plist */ = {isa = PBXFileReference; lastKnownFileType = text.plist.xml; path = Info.plist; sourceTree = "<group>"; };
/* End PBXFileReference section */

/* Begin PBXFrameworksBuildPhase section */
		ECAAD881245030E300FE16E4 /* Frameworks */ = {
			isa = PBXFrameworksBuildPhase;
			buildActionMask = 2147483647;
			files = (
			);
			runOnlyForDeploymentPostprocessing = 0;
		};
		ECAAD897245030E600FE16E4 /* Frameworks */ = {
			isa = PBXFrameworksBuildPhase;
			buildActionMask = 2147483647;
			files = (
			);
			runOnlyForDeploymentPostprocessing = 0;
		};
		ECAAD8A2245030E600FE16E4 /* Frameworks */ = {
			isa = PBXFrameworksBuildPhase;
			buildActionMask = 2147483647;
			files = (
			);
			runOnlyForDeploymentPostprocessing = 0;
		};
/* End PBXFrameworksBuildPhase section */

/* Begin PBXGroup section */
		ECAAD87B245030E300FE16E4 = {
			isa = PBXGroup;
			children = (
				ECAAD886245030E300FE16E4 /* TestProject */,
				ECAAD89D245030E600FE16E4 /* TestProjectTests */,
				ECAAD8A8245030E600FE16E4 /* TestProjectUITests */,
				ECAAD885245030E300FE16E4 /* Products */,
			);
			sourceTree = "<group>";
		};
		ECAAD885245030E300FE16E4 /* Products */ = {
			isa = PBXGroup;
			children = (
				ECAAD884245030E300FE16E4 /* TestProject.app */,
				ECAAD89A245030E600FE16E4 /* TestProjectTests.xctest */,
				ECAAD8A5245030E600FE16E4 /* TestProjectUITests.xctest */,
			);
			name = Products;
			sourceTree = "<group>";
		};
		ECAAD886245030E300FE16E4 /* TestProject */ = {
			isa = PBXGroup;
			children = (
				ECAAD887245030E300FE16E4 /* AppDelegate.swift */,
				ECAAD889245030E300FE16E4 /* SceneDelegate.swift */,
				ECAAD88B245030E300FE16E4 /* ViewController.swift */,
				ECAAD88D245030E300FE16E4 /* Main.storyboard */,
				ECAAD890245030E600FE16E4 /* Assets.xcassets */,
				ECAAD892245030E600FE16E4 /* LaunchScreen.storyboard */,
				ECAAD895245030E600FE16E4 /* Info.plist */,
			);
			path = TestProject;
			sourceTree = "<group>";
		};
		ECAAD89D245030E600FE16E4 /* TestProjectTests */ = {
			isa = PBXGroup;
			children = (
				ECAAD89E245030E600FE16E4 /* TestProjectTests.swift */,
				ECAAD8A0245030E600FE16E4 /* Info.plist */,
			);
			path = TestProjectTests;
			sourceTree = "<group>";
		};
		ECAAD8A8245030E600FE16E4 /* TestProjectUITests */ = {
			isa = PBXGroup;
			children = (
				ECAAD8A9245030E600FE16E4 /* TestProjectUITests.swift */,
				ECAAD8AB245030E600FE16E4 /* Info.plist */,
			);
			path = TestProjectUITests;
			sourceTree = "<group>";
		};
/* End PBXGroup section */

/* Begin PBXNativeTarget section */
		ECAAD883245030E300FE16E4 /* TestProject */ = {
			isa = PBXNativeTarget;
			buildConfigurationList = ECAAD8AE245030E600FE16E4 /* Build configuration list for PBXNativeTarget "TestProject" */;
			buildPhases = (
				ECAAD880245030E300FE16E4 /* Sources */,
				ECAAD881245030E300FE16E4 /* Frameworks */,
				ECAAD882245030E300FE16E4 /* Resources */,
			);
			buildRules = (
			);
			dependencies = (
			);
			name = TestProject;
			productName = TestProject;
			productReference = ECAAD884245030E300FE16E4 /* TestProject.app */;
			productType = "com.apple.product-type.application";
		};
		ECAAD899245030E600FE16E4 /* TestProjectTests */ = {
			isa = PBXNativeTarget;
			buildConfigurationList = ECAAD8B1245030E600FE16E4 /* Build configuration list for PBXNativeTarget "TestProjectTests" */;
			buildPhases = (
				ECAAD896245030E600FE16E4 /* Sources */,
				ECAAD897245030E600FE16E4 /* Frameworks */,
				ECAAD898245030E600FE16E4 /* Resources */,
			);
			buildRules = (
			);
			dependencies = (
				ECAAD89C245030E600FE16E4 /* PBXTargetDependency */,
			);
			name = TestProjectTests;
			productName = TestProjectTests;
			productReference = ECAAD89A245030E600FE16E4 /* TestProjectTests.xctest */;
			productType = "com.apple.product-type.bundle.unit-test";
		};
		ECAAD8A4245030E600FE16E4 /* TestProjectUITests */ = {
			isa = PBXNativeTarget;
			buildConfigurationList = ECAAD8B4245030E600FE16E4 /* Build configuration list for PBXNativeTarget "TestProjectUITests" */;
			buildPhases = (
				ECAAD8A1245030E600FE16E4 /* Sources */,
				ECAAD8A2245030E600FE16E4 /* Frameworks */,
				ECAAD8A3245030E600FE16E4 /* Resources */,
			);
			buildRules = (
			);
			dependencies = (
				ECAAD8A7245030E600FE16E4 /* PBXTargetDependency */,
			);
			name = TestProjectUITests;
			productName = TestProjectUITests;
			productReference = ECAAD8A5245030E600FE16E4 /* TestProjectUITests.xctest */;
			productType = "com.apple.product-type.bundle.ui-testing";
		};
/* End PBXNativeTarget section */

/* Begin PBXProject section */
		ECAAD87C245030E300FE16E4 /* Project object */ = {
			isa = PBXProject;
			attributes = {
				LastSwiftUpdateCheck = 1130;
				LastUpgradeCheck = 1130;
				ORGANIZATIONNAME = "Devaraj N";
				TargetAttributes = {
					ECAAD883245030E300FE16E4 = {
						CreatedOnToolsVersion = 11.3.1;
					};
					ECAAD899245030E600FE16E4 = {
						CreatedOnToolsVersion = 11.3.1;
						TestTargetID = ECAAD883245030E300FE16E4;
					};
					ECAAD8A4245030E600FE16E4 = {
						CreatedOnToolsVersion = 11.3.1;
						TestTargetID = ECAAD883245030E300FE16E4;
					};
				};
			};
			buildConfigurationList = ECAAD87F245030E300FE16E4 /* Build configuration list for PBXProject "TestProject" */;
			compatibilityVersion = "Xcode 9.3";
			developmentRegion = en;
			hasScannedForEncodings = 0;
			knownRegions = (
				en,
				Base,
			);
			mainGroup = ECAAD87B245030E300FE16E4;
			productRefGroup = ECAAD885245030E300FE16E4 /* Products */;
			projectDirPath = "";
			projectRoot = "";
			targets = (
				ECAAD883245030E300FE16E4 /* TestProject */,
				ECAAD899245030E600FE16E4 /* TestProjectTests */,
				ECAAD8A4245030E600FE16E4 /* TestProjectUITests */,
			);
		};
/* End PBXProject section */

/* Begin PBXResourcesBuildPhase section */
		ECAAD882245030E300FE16E4 /* Resources */ = {
			isa = PBXResourcesBuildPhase;
			buildActionMask = 2147483647;
			files = (
				ECAAD894245030E600FE16E4 /* LaunchScreen.storyboard in Resources */,
				ECAAD891245030E600FE16E4 /* Assets.xcassets in Resources */,
				ECAAD88F245030E300FE16E4 /* Main.storyboard in Resources */,
			);
			runOnlyForDeploymentPostprocessing = 0;
		};
		ECAAD898245030E600FE16E4 /* Resources */ = {
			isa = PBXResourcesBuildPhase;
			buildActionMask = 2147483647;
			files = (
			);
			runOnlyForDeploymentPostprocessing = 0;
		};
		ECAAD8A3245030E600FE16E4 /* Resources */ = {
			isa = PBXResourcesBuildPhase;
			buildActionMask = 2147483647;
			files = (
			);
			runOnlyForDeploymentPostprocessing = 0;
		};
/* End PBXResourcesBuildPhase section */

/* Begin PBXSourcesBuildPhase section */
		ECAAD880245030E300FE16E4 /* Sources */ = {
			isa = PBXSourcesBuildPhase;
			buildActionMask = 2147483647;
			files = (
				ECAAD88C245030E300FE16E4 /* ViewController.swift in Sources */,
				ECAAD888245030E300FE16E4 /* AppDelegate.swift in Sources */,
				ECAAD88A245030E300FE16E4 /* SceneDelegate.swift in Sources */,
			);
			runOnlyForDeploymentPostprocessing = 0;
		};
		ECAAD896245030E600FE16E4 /* Sources */ = {
			isa = PBXSourcesBuildPhase;
			buildActionMask = 2147483647;
			files = (
				ECAAD89F245030E600FE16E4 /* TestProjectTests.swift in Sources */,
			);
			runOnlyForDeploymentPostprocessing = 0;
		};
		ECAAD8A1245030E600FE16E4 /* Sources */ = {
			isa = PBXSourcesBuildPhase;
			buildActionMask = 2147483647;
			files = (
				ECAAD8AA245030E600FE16E4 /* TestProjectUITests.swift in Sources */,
			);
			runOnlyForDeploymentPostprocessing = 0;
		};
/* End PBXSourcesBuildPhase section */

/* Begin PBXTargetDependency section */
		ECAAD89C245030E600FE16E4 /* PBXTargetDependency */ = {
			isa = PBXTargetDependency;
			target = ECAAD883245030E300FE16E4 /* TestProject */;
			targetProxy = ECAAD89B245030E600FE16E4 /* PBXContainerItemProxy */;
		};
		ECAAD8A7245030E600FE16E4 /* PBXTargetDependency */ = {
			isa = PBXTargetDependency;
			target = ECAAD883245030E300FE16E4 /* TestProject */;
			targetProxy = ECAAD8A6245030E600FE16E4 /* PBXContainerItemProxy */;
		};
/* End PBXTargetDependency section */

/* Begin PBXVariantGroup section */
		ECAAD88D245030E300FE16E4 /* Main.storyboard */ = {
			isa = PBXVariantGroup;
			children = (
				ECAAD88E245030E300FE16E4 /* Base */,
			);
			name = Main.storyboard;
			sourceTree = "<group>";
		};
		ECAAD892245030E600FE16E4 /* LaunchScreen.storyboard */ = {
			isa = PBXVariantGroup;
			children = (
				ECAAD893245030E600FE16E4 /* Base */,
			);
			name = LaunchScreen.storyboard;
			sourceTree = "<group>";
		};
/* End PBXVariantGroup section */

/* Begin XCBuildConfiguration section */
		ECAAD8AC245030E600FE16E4 /* Debug */ = {
			isa = XCBuildConfiguration;
			buildSettings = {
				ALWAYS_SEARCH_USER_PATHS = NO;
				CLANG_ANALYZER_NONNULL = YES;
				CLANG_ANALYZER_NUMBER_OBJECT_CONVERSION = YES_AGGRESSIVE;
				CLANG_CXX_LANGUAGE_STANDARD = "gnu++14";
				CLANG_CXX_LIBRARY = "libc++";
				CLANG_ENABLE_MODULES = YES;
				CLANG_ENABLE_OBJC_ARC = YES;
				CLANG_ENABLE_OBJC_WEAK = YES;
				CLANG_WARN_BLOCK_CAPTURE_AUTORELEASING = YES;
				CLANG_WARN_BOOL_CONVERSION = YES;
				CLANG_WARN_COMMA = YES;
				CLANG_WARN_CONSTANT_CONVERSION = YES;
				CLANG_WARN_DEPRECATED_OBJC_IMPLEMENTATIONS = YES;
				CLANG_WARN_DIRECT_OBJC_ISA_USAGE = YES_ERROR;
				CLANG_WARN_DOCUMENTATION_COMMENTS = YES;
				CLANG_WARN_EMPTY_BODY = YES;
				CLANG_WARN_ENUM_CONVERSION = YES;
				CLANG_WARN_INFINITE_RECURSION = YES;
				CLANG_WARN_INT_CONVERSION = YES;
				CLANG_WARN_NON_LITERAL_NULL_CONVERSION = YES;
				CLANG_WARN_OBJC_IMPLICIT_RETAIN_SELF = YES;
				CLANG_WARN_OBJC_LITERAL_CONVERSION = YES;
				CLANG_WARN_OBJC_ROOT_CLASS = YES_ERROR;
				CLANG_WARN_RANGE_LOOP_ANALYSIS = YES;
				CLANG_WARN_STRICT_PROTOTYPES = YES;
				CLANG_WARN_SUSPICIOUS_MOVE = YES;
				CLANG_WARN_UNGUARDED_AVAILABILITY = YES_AGGRESSIVE;
				CLANG_WARN_UNREACHABLE_CODE = YES;
				CLANG_WARN__DUPLICATE_METHOD_MATCH = YES;
				COPY_PHASE_STRIP = NO;
				DEBUG_INFORMATION_FORMAT = dwarf;
				ENABLE_STRICT_OBJC_MSGSEND = YES;
				ENABLE_TESTABILITY = YES;
				GCC_C_LANGUAGE_STANDARD = gnu11;
				GCC_DYNAMIC_NO_PIC = NO;
				GCC_NO_COMMON_BLOCKS = YES;
				GCC_OPTIMIZATION_LEVEL = 0;
				GCC_PREPROCESSOR_DEFINITIONS = (
					"DEBUG=1",
					"$(inherited)",
				);
				GCC_WARN_64_TO_32_BIT_CONVERSION = YES;
				GCC_WARN_ABOUT_RETURN_TYPE = YES_ERROR;
				GCC_WARN_UNDECLARED_SELECTOR = YES;
				GCC_WARN_UNINITIALIZED_AUTOS = YES_AGGRESSIVE;
				GCC_WARN_UNUSED_FUNCTION = YES;
				GCC_WARN_UNUSED_VARIABLE = YES;
				IPHONEOS_DEPLOYMENT_TARGET = 13.2;
				MTL_ENABLE_DEBUG_INFO = INCLUDE_SOURCE;
				MTL_FAST_MATH = YES;
				ONLY_ACTIVE_ARCH = YES;
				SDKROOT = iphoneos;
				SWIFT_ACTIVE_COMPILATION_CONDITIONS = DEBUG;
				SWIFT_OPTIMIZATION_LEVEL = "-Onone";
			};
			name = Debug;
		};
		ECAAD8AD245030E600FE16E4 /* Release */ = {
			isa = XCBuildConfiguration;
			buildSettings = {
				ALWAYS_SEARCH_USER_PATHS = NO;
				CLANG_ANALYZER_NONNULL = YES;
				CLANG_ANALYZER_NUMBER_OBJECT_CONVERSION = YES_AGGRESSIVE;
				CLANG_CXX_LANGUAGE_STANDARD = "gnu++14";
				CLANG_CXX_LIBRARY = "libc++";
				CLANG_ENABLE_MODULES = YES;
				CLANG_ENABLE_OBJC_ARC = YES;
				CLANG_ENABLE_OBJC_WEAK = YES;
				CLANG_WARN_BLOCK_CAPTURE_AUTORELEASING = YES;
				CLANG_WARN_BOOL_CONVERSION = YES;
				CLANG_WARN_COMMA = YES;
				CLANG_WARN_CONSTANT_CONVERSION = YES;
				CLANG_WARN_DEPRECATED_OBJC_IMPLEMENTATIONS = YES;
				CLANG_WARN_DIRECT_OBJC_ISA_USAGE = YES_ERROR;
				CLANG_WARN_DOCUMENTATION_COMMENTS = YES;
				CLANG_WARN_EMPTY_BODY = YES;
				CLANG_WARN_ENUM_CONVERSION = YES;
				CLANG_WARN_INFINITE_RECURSION = YES;
				CLANG_WARN_INT_CONVERSION = YES;
				CLANG_WARN_NON_LITERAL_NULL_CONVERSION = YES;
				CLANG_WARN_OBJC_IMPLICIT_RETAIN_SELF = YES;
				CLANG_WARN_OBJC_LITERAL_CONVERSION = YES;
				CLANG_WARN_OBJC_ROOT_CLASS = YES_ERROR;
				CLANG_WARN_RANGE_LOOP_ANALYSIS = YES;
				CLANG_WARN_STRICT_PROTOTYPES = YES;
				CLANG_WARN_SUSPICIOUS_MOVE = YES;
				CLANG_WARN_UNGUARDED_AVAILABILITY = YES_AGGRESSIVE;
				CLANG_WARN_UNREACHABLE_CODE = YES;
				CLANG_WARN__DUPLICATE_METHOD_MATCH = YES;
				COPY_PHASE_STRIP = NO;
				DEBUG_INFORMATION_FORMAT = "dwarf-with-dsym";
				ENABLE_NS_ASSERTIONS = NO;
				ENABLE_STRICT_OBJC_MSGSEND = YES;
				GCC_C_LANGUAGE_STANDARD = gnu11;
				GCC_NO_COMMON_BLOCKS = YES;
				GCC_WARN_64_TO_32_BIT_CONVERSION = YES;
				GCC_WARN_ABOUT_RETURN_TYPE = YES_ERROR;
				GCC_WARN_UNDECLARED_SELECTOR = YES;
				GCC_WARN_UNINITIALIZED_AUTOS = YES_AGGRESSIVE;
				GCC_WARN_UNUSED_FUNCTION = YES;
				GCC_WARN_UNUSED_VARIABLE = YES;
				IPHONEOS_DEPLOYMENT_TARGET = 13.2;
				MTL_ENABLE_DEBUG_INFO = NO;
				MTL_FAST_MATH = YES;
				SDKROOT = iphoneos;
				SWIFT_COMPILATION_MODE = wholemodule;
				SWIFT_OPTIMIZATION_LEVEL = "-O";
				VALIDATE_PRODUCT = YES;
			};
			name = Release;
		};
		ECAAD8AF245030E600FE16E4 /* Debug */ = {
			isa = XCBuildConfiguration;
			buildSettings = {
				ASSETCATALOG_COMPILER_APPICON_NAME = AppIcon;
				CODE_SIGN_STYLE = Automatic;
				INFOPLIST_FILE = TestProject/Info.plist;
				IPHONEOS_DEPLOYMENT_TARGET = 12.0;
				LD_RUNPATH_SEARCH_PATHS = (
					"$(inherited)",
					"@executable_path/Frameworks",
				);
				PRODUCT_BUNDLE_IDENTIFIER = com.YogiFi.TestProject;
				PRODUCT_NAME = "$(TARGET_NAME)";
				SWIFT_VERSION = 5.0;
				TARGETED_DEVICE_FAMILY = 1;
			};
			name = Debug;
		};
		ECAAD8B0245030E600FE16E4 /* Release */ = {
			isa = XCBuildConfiguration;
			buildSettings = {
				ASSETCATALOG_COMPILER_APPICON_NAME = AppIcon;
				CODE_SIGN_STYLE = Automatic;
				INFOPLIST_FILE = TestProject/Info.plist;
				IPHONEOS_DEPLOYMENT_TARGET = 12.0;
				LD_RUNPATH_SEARCH_PATHS = (
					"$(inherited)",
					"@executable_path/Frameworks",
				);
				PRODUCT_BUNDLE_IDENTIFIER = com.YogiFi.TestProject;
				PRODUCT_NAME = "$(TARGET_NAME)";
				SWIFT_VERSION = 5.0;
				TARGETED_DEVICE_FAMILY = 1;
			};
			name = Release;
		};
		ECAAD8B2245030E600FE16E4 /* Debug */ = {
			isa = XCBuildConfiguration;
			buildSettings = {
				ALWAYS_EMBED_SWIFT_STANDARD_LIBRARIES = YES;
				BUNDLE_LOADER = "$(TEST_HOST)";
				CODE_SIGN_STYLE = Automatic;
				INFOPLIST_FILE = TestProjectTests/Info.plist;
				IPHONEOS_DEPLOYMENT_TARGET = 13.2;
				LD_RUNPATH_SEARCH_PATHS = (
					"$(inherited)",
					"@executable_path/Frameworks",
					"@loader_path/Frameworks",
				);
				PRODUCT_BUNDLE_IDENTIFIER = com.YogiFi.TestProjectTests;
				PRODUCT_NAME = "$(TARGET_NAME)";
				SWIFT_VERSION = 5.0;
				TARGETED_DEVICE_FAMILY = "1,2";
				TEST_HOST = "$(BUILT_PRODUCTS_DIR)/TestProject.app/TestProject";
			};
			name = Debug;
		};
		ECAAD8B3245030E600FE16E4 /* Release */ = {
			isa = XCBuildConfiguration;
			buildSettings = {
				ALWAYS_EMBED_SWIFT_STANDARD_LIBRARIES = YES;
				BUNDLE_LOADER = "$(TEST_HOST)";
				CODE_SIGN_STYLE = Automatic;
				INFOPLIST_FILE = TestProjectTests/Info.plist;
				IPHONEOS_DEPLOYMENT_TARGET = 13.2;
				LD_RUNPATH_SEARCH_PATHS = (
					"$(inherited)",
					"@executable_path/Frameworks",
					"@loader_path/Frameworks",
				);
				PRODUCT_BUNDLE_IDENTIFIER = com.YogiFi.TestProjectTests;
				PRODUCT_NAME = "$(TARGET_NAME)";
				SWIFT_VERSION = 5.0;
				TARGETED_DEVICE_FAMILY = "1,2";
				TEST_HOST = "$(BUILT_PRODUCTS_DIR)/TestProject.app/TestProject";
			};
			name = Release;
		};
		ECAAD8B5245030E600FE16E4 /* Debug */ = {
			isa = XCBuildConfiguration;
			buildSettings = {
				ALWAYS_EMBED_SWIFT_STANDARD_LIBRARIES = YES;
				CODE_SIGN_STYLE = Automatic;
				INFOPLIST_FILE = TestProjectUITests/Info.plist;
				LD_RUNPATH_SEARCH_PATHS = (
					"$(inherited)",
					"@executable_path/Frameworks",
					"@loader_path/Frameworks",
				);
				PRODUCT_BUNDLE_IDENTIFIER = com.YogiFi.TestProjectUITests;
				PRODUCT_NAME = "$(TARGET_NAME)";
				SWIFT_VERSION = 5.0;
				TARGETED_DEVICE_FAMILY = "1,2";
				TEST_TARGET_NAME = TestProject;
			};
			name = Debug;
		};
		ECAAD8B6245030E600FE16E4 /* Release */ = {
			isa = XCBuildConfiguration;
			buildSettings = {
				ALWAYS_EMBED_SWIFT_STANDARD_LIBRARIES = YES;
				CODE_SIGN_STYLE = Automatic;
				INFOPLIST_FILE = TestProjectUITests/Info.plist;
				LD_RUNPATH_SEARCH_PATHS = (
					"$(inherited)",
					"@executable_path/Frameworks",
					"@loader_path/Frameworks",
				);
				PRODUCT_BUNDLE_IDENTIFIER = com.YogiFi.TestProjectUITests;
				PRODUCT_NAME = "$(TARGET_NAME)";
				SWIFT_VERSION = 5.0;
				TARGETED_DEVICE_FAMILY = "1,2";
				TEST_TARGET_NAME = TestProject;
			};
			name = Release;
		};
/* End XCBuildConfiguration section */

/* Begin XCConfigurationList section */
		ECAAD87F245030E300FE16E4 /* Build configuration list for PBXProject "TestProject" */ = {
			isa = XCConfigurationList;
			buildConfigurations = (
				ECAAD8AC245030E600FE16E4 /* Debug */,
				ECAAD8AD245030E600FE16E4 /* Release */,
			);
			defaultConfigurationIsVisible = 0;
			defaultConfigurationName = Release;
		};
		ECAAD8AE245030E600FE16E4 /* Build configuration list for PBXNativeTarget "TestProject" */ = {
			isa = XCConfigurationList;
			buildConfigurations = (
				ECAAD8AF245030E600FE16E4 /* Debug */,
				ECAAD8B0245030E600FE16E4 /* Release */,
			);
			defaultConfigurationIsVisible = 0;
			defaultConfigurationName = Release;
		};
		ECAAD8B1245030E600FE16E4 /* Build configuration list for PBXNativeTarget "TestProjectTests" */ = {
			isa = XCConfigurationList;
			buildConfigurations = (
				ECAAD8B2245030E600FE16E4 /* Debug */,
				ECAAD8B3245030E600FE16E4 /* Release */,
			);
			defaultConfigurationIsVisible = 0;
			defaultConfigurationName = Release;
		};
		ECAAD8B4245030E600FE16E4 /* Build configuration list for PBXNativeTarget "TestProjectUITests" */ = {
			isa = XCConfigurationList;
			buildConfigurations = (
				ECAAD8B5245030E600FE16E4 /* Debug */,
				ECAAD8B6245030E600FE16E4 /* Release */,
			);
			defaultConfigurationIsVisible = 0;
			defaultConfigurationName = Release;
		};
/* End XCConfigurationList section */
	};
	rootObject = ECAAD87C245030E300FE16E4 /* Project object */;
}
